// !$*UTF8*$!
{
	archiveVersion = 1;
	classes = {
	};
	objectVersion = 55;
	objects = {

/* Begin PBXBuildFile section */
		906402F027E79CFB00FA8A41 /* ItemDetail.swift in Sources */ = {isa = PBXBuildFile; fileRef = 906402EF27E79CFB00FA8A41 /* ItemDetail.swift */; };
		909267C727EADD9900E27938 /* CheckoutView.swift in Sources */ = {isa = PBXBuildFile; fileRef = 909267C627EADD9900E27938 /* CheckoutView.swift */; };
		90B692A527E600F800D71829 /* iDineApp.swift in Sources */ = {isa = PBXBuildFile; fileRef = 90B692A427E600F800D71829 /* iDineApp.swift */; };
		90B692A727E600F800D71829 /* ContentView.swift in Sources */ = {isa = PBXBuildFile; fileRef = 90B692A627E600F800D71829 /* ContentView.swift */; };
		90B692A927E600FA00D71829 /* Assets.xcassets in Resources */ = {isa = PBXBuildFile; fileRef = 90B692A827E600FA00D71829 /* Assets.xcassets */; };
		90B692AC27E600FA00D71829 /* Preview Assets.xcassets in Resources */ = {isa = PBXBuildFile; fileRef = 90B692AB27E600FA00D71829 /* Preview Assets.xcassets */; };
		90B692B327E6011200D71829 /* Helper.swift in Sources */ = {isa = PBXBuildFile; fileRef = 90B692B227E6011200D71829 /* Helper.swift */; };
		90B692B527E6014700D71829 /* Order.swift in Sources */ = {isa = PBXBuildFile; fileRef = 90B692B427E6014700D71829 /* Order.swift */; };
		90B692B727E6015700D71829 /* menu.json in Resources */ = {isa = PBXBuildFile; fileRef = 90B692B627E6015700D71829 /* menu.json */; };
		90B692B927E601BA00D71829 /* Menu.swift in Sources */ = {isa = PBXBuildFile; fileRef = 90B692B827E601BA00D71829 /* Menu.swift */; };
		90B692BF27E60C6200D71829 /* ItemRow.swift in Sources */ = {isa = PBXBuildFile; fileRef = 90B692BE27E60C6200D71829 /* ItemRow.swift */; };
		90BF801127E8F2B1002CFD30 /* OrderView.swift in Sources */ = {isa = PBXBuildFile; fileRef = 90BF801027E8F2B1002CFD30 /* OrderView.swift */; };
		90BF801327E8F425002CFD30 /* MenuView.swift in Sources */ = {isa = PBXBuildFile; fileRef = 90BF801227E8F425002CFD30 /* MenuView.swift */; };
/* End PBXBuildFile section */

/* Begin PBXFileReference section */
		906402EF27E79CFB00FA8A41 /* ItemDetail.swift */ = {isa = PBXFileReference; lastKnownFileType = sourcecode.swift; path = ItemDetail.swift; sourceTree = "<group>"; };
		909267C627EADD9900E27938 /* CheckoutView.swift */ = {isa = PBXFileReference; lastKnownFileType = sourcecode.swift; path = CheckoutView.swift; sourceTree = "<group>"; };
		90B692A127E600F800D71829 /* iDine.app */ = {isa = PBXFileReference; explicitFileType = wrapper.application; includeInIndex = 0; path = iDine.app; sourceTree = BUILT_PRODUCTS_DIR; };
		90B692A427E600F800D71829 /* iDineApp.swift */ = {isa = PBXFileReference; lastKnownFileType = sourcecode.swift; path = iDineApp.swift; sourceTree = "<group>"; };
		90B692A627E600F800D71829 /* ContentView.swift */ = {isa = PBXFileReference; lastKnownFileType = sourcecode.swift; path = ContentView.swift; sourceTree = "<group>"; };
		90B692A827E600FA00D71829 /* Assets.xcassets */ = {isa = PBXFileReference; lastKnownFileType = folder.assetcatalog; path = Assets.xcassets; sourceTree = "<group>"; };
		90B692AB27E600FA00D71829 /* Preview Assets.xcassets */ = {isa = PBXFileReference; lastKnownFileType = folder.assetcatalog; path = "Preview Assets.xcassets"; sourceTree = "<group>"; };
		90B692B227E6011200D71829 /* Helper.swift */ = {isa = PBXFileReference; fileEncoding = 4; lastKnownFileType = sourcecode.swift; path = Helper.swift; sourceTree = "<group>"; };
		90B692B427E6014700D71829 /* Order.swift */ = {isa = PBXFileReference; fileEncoding = 4; lastKnownFileType = sourcecode.swift; path = Order.swift; sourceTree = "<group>"; };
		90B692B627E6015700D71829 /* menu.json */ = {isa = PBXFileReference; fileEncoding = 4; lastKnownFileType = text.json; path = menu.json; sourceTree = "<group>"; };
		90B692B827E601BA00D71829 /* Menu.swift */ = {isa = PBXFileReference; fileEncoding = 4; lastKnownFileType = sourcecode.swift; path = Menu.swift; sourceTree = "<group>"; };
		90B692BE27E60C6200D71829 /* ItemRow.swift */ = {isa = PBXFileReference; lastKnownFileType = sourcecode.swift; path = ItemRow.swift; sourceTree = "<group>"; };
		90BF801027E8F2B1002CFD30 /* OrderView.swift */ = {isa = PBXFileReference; lastKnownFileType = sourcecode.swift; path = OrderView.swift; sourceTree = "<group>"; };
		90BF801227E8F425002CFD30 /* MenuView.swift */ = {isa = PBXFileReference; lastKnownFileType = sourcecode.swift; path = MenuView.swift; sourceTree = "<group>"; };
/* End PBXFileReference section */

/* Begin PBXFrameworksBuildPhase section */
		90B6929E27E600F800D71829 /* Frameworks */ = {
			isa = PBXFrameworksBuildPhase;
			buildActionMask = 2147483647;
			files = (
			);
			runOnlyForDeploymentPostprocessing = 0;
		};
/* End PBXFrameworksBuildPhase section */

/* Begin PBXGroup section */
		90B6929827E600F800D71829 = {
			isa = PBXGroup;
			children = (
				90B692A327E600F800D71829 /* iDine */,
				90B692A227E600F800D71829 /* Products */,
			);
			sourceTree = "<group>";
		};
		90B692A227E600F800D71829 /* Products */ = {
			isa = PBXGroup;
			children = (
				90B692A127E600F800D71829 /* iDine.app */,
			);
			name = Products;
			sourceTree = "<group>";
		};
		90B692A327E600F800D71829 /* iDine */ = {
			isa = PBXGroup;
			children = (
				90B692BD27E60C4900D71829 /* App */,
				90B692BC27E60C2A00D71829 /* Model */,
				90B692BA27E6048B00D71829 /* Utilities */,
				90B692BB27E60C1C00D71829 /* View */,
				90B692A827E600FA00D71829 /* Assets.xcassets */,
				90B692AA27E600FA00D71829 /* Preview Content */,
			);
			path = iDine;
			sourceTree = "<group>";
		};
		90B692AA27E600FA00D71829 /* Preview Content */ = {
			isa = PBXGroup;
			children = (
				90B692AB27E600FA00D71829 /* Preview Assets.xcassets */,
			);
			path = "Preview Content";
			sourceTree = "<group>";
		};
		90B692BA27E6048B00D71829 /* Utilities */ = {
			isa = PBXGroup;
			children = (
				90B692B227E6011200D71829 /* Helper.swift */,
				90B692B627E6015700D71829 /* menu.json */,
			);
			path = Utilities;
			sourceTree = "<group>";
		};
		90B692BB27E60C1C00D71829 /* View */ = {
			isa = PBXGroup;
			children = (
				90B692A627E600F800D71829 /* ContentView.swift */,
				90B692BE27E60C6200D71829 /* ItemRow.swift */,
				906402EF27E79CFB00FA8A41 /* ItemDetail.swift */,
				90BF801027E8F2B1002CFD30 /* OrderView.swift */,
				90BF801227E8F425002CFD30 /* MenuView.swift */,
				909267C627EADD9900E27938 /* CheckoutView.swift */,
			);
			path = View;
			sourceTree = "<group>";
		};
		90B692BC27E60C2A00D71829 /* Model */ = {
			isa = PBXGroup;
			children = (
				90B692B427E6014700D71829 /* Order.swift */,
				90B692B827E601BA00D71829 /* Menu.swift */,
			);
			path = Model;
			sourceTree = "<group>";
		};
		90B692BD27E60C4900D71829 /* App */ = {
			isa = PBXGroup;
			children = (
				90B692A427E600F800D71829 /* iDineApp.swift */,
			);
			path = App;
			sourceTree = "<group>";
		};
/* End PBXGroup section */

/* Begin PBXNativeTarget section */
		90B692A027E600F800D71829 /* iDine */ = {
			isa = PBXNativeTarget;
			buildConfigurationList = 90B692AF27E600FA00D71829 /* Build configuration list for PBXNativeTarget "iDine" */;
			buildPhases = (
				90B6929D27E600F800D71829 /* Sources */,
				90B6929E27E600F800D71829 /* Frameworks */,
				90B6929F27E600F800D71829 /* Resources */,
			);
			buildRules = (
			);
			dependencies = (
			);
			name = iDine;
			productName = iDine;
			productReference = 90B692A127E600F800D71829 /* iDine.app */;
			productType = "com.apple.product-type.application";
		};
/* End PBXNativeTarget section */

/* Begin PBXProject section */
		90B6929927E600F800D71829 /* Project object */ = {
			isa = PBXProject;
			attributes = {
				BuildIndependentTargetsInParallel = 1;
				LastSwiftUpdateCheck = 1300;
				LastUpgradeCheck = 1300;
				TargetAttributes = {
					90B692A027E600F800D71829 = {
						CreatedOnToolsVersion = 13.0;
					};
				};
			};
			buildConfigurationList = 90B6929C27E600F800D71829 /* Build configuration list for PBXProject "iDine" */;
			compatibilityVersion = "Xcode 13.0";
			developmentRegion = en;
			hasScannedForEncodings = 0;
			knownRegions = (
				en,
				Base,
			);
			mainGroup = 90B6929827E600F800D71829;
			productRefGroup = 90B692A227E600F800D71829 /* Products */;
			projectDirPath = "";
			projectRoot = "";
			targets = (
				90B692A027E600F800D71829 /* iDine */,
			);
		};
/* End PBXProject section */

/* Begin PBXResourcesBuildPhase section */
		90B6929F27E600F800D71829 /* Resources */ = {
			isa = PBXResourcesBuildPhase;
			buildActionMask = 2147483647;
			files = (
				90B692B727E6015700D71829 /* menu.json in Resources */,
				90B692AC27E600FA00D71829 /* Preview Assets.xcassets in Resources */,
				90B692A927E600FA00D71829 /* Assets.xcassets in Resources */,
			);
			runOnlyForDeploymentPostprocessing = 0;
		};
/* End PBXResourcesBuildPhase section */

/* Begin PBXSourcesBuildPhase section */
		90B6929D27E600F800D71829 /* Sources */ = {
			isa = PBXSourcesBuildPhase;
			buildActionMask = 2147483647;
			files = (
				906402F027E79CFB00FA8A41 /* ItemDetail.swift in Sources */,
				90BF801127E8F2B1002CFD30 /* OrderView.swift in Sources */,
				909267C727EADD9900E27938 /* CheckoutView.swift in Sources */,
				90B692A727E600F800D71829 /* ContentView.swift in Sources */,
				90B692A527E600F800D71829 /* iDineApp.swift in Sources */,
				90BF801327E8F425002CFD30 /* MenuView.swift in Sources */,
				90B692B527E6014700D71829 /* Order.swift in Sources */,
				90B692BF27E60C6200D71829 /* ItemRow.swift in Sources */,
				90B692B327E6011200D71829 /* Helper.swift in Sources */,
				90B692B927E601BA00D71829 /* Menu.swift in Sources */,
			);
			runOnlyForDeploymentPostprocessing = 0;
		};
/* End PBXSourcesBuildPhase section */

/* Begin XCBuildConfiguration section */
		90B692AD27E600FA00D71829 /* Debug */ = {
			isa = XCBuildConfiguration;
			buildSettings = {
				ALWAYS_SEARCH_USER_PATHS = NO;
				CLANG_ANALYZER_NONNULL = YES;
				CLANG_ANALYZER_NUMBER_OBJECT_CONVERSION = YES_AGGRESSIVE;
				CLANG_CXX_LANGUAGE_STANDARD = "gnu++17";
				CLANG_CXX_LIBRARY = "libc++";
				CLANG_ENABLE_MODULES = YES;
				CLANG_ENABLE_OBJC_ARC = YES;
				CLANG_ENABLE_OBJC_WEAK = YES;
				CLANG_WARN_BLOCK_CAPTURE_AUTORELEASING = YES;
				CLANG_WARN_BOOL_CONVERSION = YES;
				CLANG_WARN_COMMA = YES;
				CLANG_WARN_CONSTANT_CONVERSION = YES;
				CLANG_WARN_DEPRECATED_OBJC_IMPLEMENTATIONS = YES;
				CLANG_WARN_DIRECT_OBJC_ISA_USAGE = YES_ERROR;
				CLANG_WARN_DOCUMENTATION_COMMENTS = YES;
				CLANG_WARN_EMPTY_BODY = YES;
				CLANG_WARN_ENUM_CONVERSION = YES;
				CLANG_WARN_INFINITE_RECURSION = YES;
				CLANG_WARN_INT_CONVERSION = YES;
				CLANG_WARN_NON_LITERAL_NULL_CONVERSION = YES;
				CLANG_WARN_OBJC_IMPLICIT_RETAIN_SELF = YES;
				CLANG_WARN_OBJC_LITERAL_CONVERSION = YES;
				CLANG_WARN_OBJC_ROOT_CLASS = YES_ERROR;
				CLANG_WARN_QUOTED_INCLUDE_IN_FRAMEWORK_HEADER = YES;
				CLANG_WARN_RANGE_LOOP_ANALYSIS = YES;
				CLANG_WARN_STRICT_PROTOTYPES = YES;
				CLANG_WARN_SUSPICIOUS_MOVE = YES;
				CLANG_WARN_UNGUARDED_AVAILABILITY = YES_AGGRESSIVE;
				CLANG_WARN_UNREACHABLE_CODE = YES;
				CLANG_WARN__DUPLICATE_METHOD_MATCH = YES;
				COPY_PHASE_STRIP = NO;
				DEBUG_INFORMATION_FORMAT = dwarf;
				ENABLE_STRICT_OBJC_MSGSEND = YES;
				ENABLE_TESTABILITY = YES;
				GCC_C_LANGUAGE_STANDARD = gnu11;
				GCC_DYNAMIC_NO_PIC = NO;
				GCC_NO_COMMON_BLOCKS = YES;
				GCC_OPTIMIZATION_LEVEL = 0;
				GCC_PREPROCESSOR_DEFINITIONS = (
					"DEBUG=1",
					"$(inherited)",
				);
				GCC_WARN_64_TO_32_BIT_CONVERSION = YES;
				GCC_WARN_ABOUT_RETURN_TYPE = YES_ERROR;
				GCC_WARN_UNDECLARED_SELECTOR = YES;
				GCC_WARN_UNINITIALIZED_AUTOS = YES_AGGRESSIVE;
				GCC_WARN_UNUSED_FUNCTION = YES;
				GCC_WARN_UNUSED_VARIABLE = YES;
				IPHONEOS_DEPLOYMENT_TARGET = 15.0;
				MTL_ENABLE_DEBUG_INFO = INCLUDE_SOURCE;
				MTL_FAST_MATH = YES;
				ONLY_ACTIVE_ARCH = YES;
				SDKROOT = iphoneos;
				SWIFT_ACTIVE_COMPILATION_CONDITIONS = DEBUG;
				SWIFT_OPTIMIZATION_LEVEL = "-Onone";
			};
			name = Debug;
		};
		90B692AE27E600FA00D71829 /* Release */ = {
			isa = XCBuildConfiguration;
			buildSettings = {
				ALWAYS_SEARCH_USER_PATHS = NO;
				CLANG_ANALYZER_NONNULL = YES;
				CLANG_ANALYZER_NUMBER_OBJECT_CONVERSION = YES_AGGRESSIVE;
				CLANG_CXX_LANGUAGE_STANDARD = "gnu++17";
				CLANG_CXX_LIBRARY = "libc++";
				CLANG_ENABLE_MODULES = YES;
				CLANG_ENABLE_OBJC_ARC = YES;
				CLANG_ENABLE_OBJC_WEAK = YES;
				CLANG_WARN_BLOCK_CAPTURE_AUTORELEASING = YES;
				CLANG_WARN_BOOL_CONVERSION = YES;
				CLANG_WARN_COMMA = YES;
				CLANG_WARN_CONSTANT_CONVERSION = YES;
				CLANG_WARN_DEPRECATED_OBJC_IMPLEMENTATIONS = YES;
				CLANG_WARN_DIRECT_OBJC_ISA_USAGE = YES_ERROR;
				CLANG_WARN_DOCUMENTATION_COMMENTS = YES;
				CLANG_WARN_EMPTY_BODY = YES;
				CLANG_WARN_ENUM_CONVERSION = YES;
				CLANG_WARN_INFINITE_RECURSION = YES;
				CLANG_WARN_INT_CONVERSION = YES;
				CLANG_WARN_NON_LITERAL_NULL_CONVERSION = YES;
				CLANG_WARN_OBJC_IMPLICIT_RETAIN_SELF = YES;
				CLANG_WARN_OBJC_LITERAL_CONVERSION = YES;
				CLANG_WARN_OBJC_ROOT_CLASS = YES_ERROR;
				CLANG_WARN_QUOTED_INCLUDE_IN_FRAMEWORK_HEADER = YES;
				CLANG_WARN_RANGE_LOOP_ANALYSIS = YES;
				CLANG_WARN_STRICT_PROTOTYPES = YES;
				CLANG_WARN_SUSPICIOUS_MOVE = YES;
				CLANG_WARN_UNGUARDED_AVAILABILITY = YES_AGGRESSIVE;
				CLANG_WARN_UNREACHABLE_CODE = YES;
				CLANG_WARN__DUPLICATE_METHOD_MATCH = YES;
				COPY_PHASE_STRIP = NO;
				DEBUG_INFORMATION_FORMAT = "dwarf-with-dsym";
				ENABLE_NS_ASSERTIONS = NO;
				ENABLE_STRICT_OBJC_MSGSEND = YES;
				GCC_C_LANGUAGE_STANDARD = gnu11;
				GCC_NO_COMMON_BLOCKS = YES;
				GCC_WARN_64_TO_32_BIT_CONVERSION = YES;
				GCC_WARN_ABOUT_RETURN_TYPE = YES_ERROR;
				GCC_WARN_UNDECLARED_SELECTOR = YES;
				GCC_WARN_UNINITIALIZED_AUTOS = YES_AGGRESSIVE;
				GCC_WARN_UNUSED_FUNCTION = YES;
				GCC_WARN_UNUSED_VARIABLE = YES;
				IPHONEOS_DEPLOYMENT_TARGET = 15.0;
				MTL_ENABLE_DEBUG_INFO = NO;
				MTL_FAST_MATH = YES;
				SDKROOT = iphoneos;
				SWIFT_COMPILATION_MODE = wholemodule;
				SWIFT_OPTIMIZATION_LEVEL = "-O";
				VALIDATE_PRODUCT = YES;
			};
			name = Release;
		};
		90B692B027E600FA00D71829 /* Debug */ = {
			isa = XCBuildConfiguration;
			buildSettings = {
				ASSETCATALOG_COMPILER_APPICON_NAME = AppIcon;
				ASSETCATALOG_COMPILER_GLOBAL_ACCENT_COLOR_NAME = AccentColor;
				CODE_SIGN_STYLE = Automatic;
				CURRENT_PROJECT_VERSION = 1;
				DEVELOPMENT_ASSET_PATHS = "\"iDine/Preview Content\"";
				DEVELOPMENT_TEAM = 8R29TH66V6;
				ENABLE_PREVIEWS = YES;
				GENERATE_INFOPLIST_FILE = YES;
				INFOPLIST_KEY_UIApplicationSceneManifest_Generation = YES;
				INFOPLIST_KEY_UIApplicationSupportsIndirectInputEvents = YES;
				INFOPLIST_KEY_UILaunchScreen_Generation = YES;
				INFOPLIST_KEY_UISupportedInterfaceOrientations_iPad = "UIInterfaceOrientationPortrait UIInterfaceOrientationPortraitUpsideDown UIInterfaceOrientationLandscapeLeft UIInterfaceOrientationLandscapeRight";
				INFOPLIST_KEY_UISupportedInterfaceOrientations_iPhone = "UIInterfaceOrientationPortrait UIInterfaceOrientationLandscapeLeft UIInterfaceOrientationLandscapeRight";
				IPHONEOS_DEPLOYMENT_TARGET = 14.0;
				LD_RUNPATH_SEARCH_PATHS = (
					"$(inherited)",
					"@executable_path/Frameworks",
				);
				MARKETING_VERSION = 1.0;
				PRODUCT_BUNDLE_IDENTIFIER = khawlah.iDine;
				PRODUCT_NAME = "$(TARGET_NAME)";
				SWIFT_EMIT_LOC_STRINGS = YES;
				SWIFT_VERSION = 5.0;
				TARGETED_DEVICE_FAMILY = "1,2";
			};
			name = Debug;
		};
		90B692B127E600FA00D71829 /* Release */ = {
			isa = XCBuildConfiguration;
			buildSettings = {
				ASSETCATALOG_COMPILER_APPICON_NAME = AppIcon;
				ASSETCATALOG_COMPILER_GLOBAL_ACCENT_COLOR_NAME = AccentColor;
				CODE_SIGN_STYLE = Automatic;
				CURRENT_PROJECT_VERSION = 1;
				DEVELOPMENT_ASSET_PATHS = "\"iDine/Preview Content\"";
				DEVELOPMENT_TEAM = 8R29TH66V6;
				ENABLE_PREVIEWS = YES;
				GENERATE_INFOPLIST_FILE = YES;
				INFOPLIST_KEY_UIApplicationSceneManifest_Generation = YES;
				INFOPLIST_KEY_UIApplicationSupportsIndirectInputEvents = YES;
				INFOPLIST_KEY_UILaunchScreen_Generation = YES;
				INFOPLIST_KEY_UISupportedInterfaceOrientations_iPad = "UIInterfaceOrientationPortrait UIInterfaceOrientationPortraitUpsideDown UIInterfaceOrientationLandscapeLeft UIInterfaceOrientationLandscapeRight";
				INFOPLIST_KEY_UISupportedInterfaceOrientations_iPhone = "UIInterfaceOrientationPortrait UIInterfaceOrientationLandscapeLeft UIInterfaceOrientationLandscapeRight";
				IPHONEOS_DEPLOYMENT_TARGET = 14.0;
				LD_RUNPATH_SEARCH_PATHS = (
					"$(inherited)",
					"@executable_path/Frameworks",
				);
				MARKETING_VERSION = 1.0;
				PRODUCT_BUNDLE_IDENTIFIER = khawlah.iDine;
				PRODUCT_NAME = "$(TARGET_NAME)";
				SWIFT_EMIT_LOC_STRINGS = YES;
				SWIFT_VERSION = 5.0;
				TARGETED_DEVICE_FAMILY = "1,2";
			};
			name = Release;
		};
/* End XCBuildConfiguration section */

/* Begin XCConfigurationList section */
		90B6929C27E600F800D71829 /* Build configuration list for PBXProject "iDine" */ = {
			isa = XCConfigurationList;
			buildConfigurations = (
				90B692AD27E600FA00D71829 /* Debug */,
				90B692AE27E600FA00D71829 /* Release */,
			);
			defaultConfigurationIsVisible = 0;
			defaultConfigurationName = Release;
		};
		90B692AF27E600FA00D71829 /* Build configuration list for PBXNativeTarget "iDine" */ = {
			isa = XCConfigurationList;
			buildConfigurations = (
				90B692B027E600FA00D71829 /* Debug */,
				90B692B127E600FA00D71829 /* Release */,
			);
			defaultConfigurationIsVisible = 0;
			defaultConfigurationName = Release;
		};
/* End XCConfigurationList section */
	};
	rootObject = 90B6929927E600F800D71829 /* Project object */;
}
